
Microsoft Visual Studio Solution File, Format Version 12.00
# Visual Studio 14
VisualStudioVersion = 14.0.23107.0
MinimumVisualStudioVersion = 10.0.40219.1
Project("{8BC9CEB8-8B4A-11D0-8D11-00A0C91BC942}") = "TestFriend", "TestFriend\TestFriend.vcxproj", "{92B52BD0-5D10-42F3-AAA6-CD680D71602A}"
EndProject
Project("{8BC9CEB8-8B4A-11D0-8D11-00A0C91BC942}") = "TestOperator", "TestOperator\TestOperator.vcxproj", "{9896A57A-D151-40E5-9D09-5F75AFA0A87C}"
EndProject
Global
	GlobalSection(SolutionConfigurationPlatforms) = preSolution
		Debug|x64 = Debug|x64
		Debug|x86 = Debug|x86
		Release|x64 = Release|x64
		Release|x86 = Release|x86
	EndGlobalSection
	GlobalSection(ProjectConfigurationPlatforms) = postSolution
		{92B52BD0-5D10-42F3-AAA6-CD680D71602A}.Debug|x64.ActiveCfg = Debug|x64
		{92B52BD0-5D10-42F3-AAA6-CD680D71602A}.Debug|x64.Build.0 = Debug|x64
		{92B52BD0-5D10-42F3-AAA6-CD680D71602A}.Debug|x86.ActiveCfg = Debug|Win32
		{92B52BD0-5D10-42F3-AAA6-CD680D71602A}.Debug|x86.Build.0 = Debug|Win32
		{92B52BD0-5D10-42F3-AAA6-CD680D71602A}.Release|x64.ActiveCfg = Release|x64
		{92B52BD0-5D10-42F3-AAA6-CD680D71602A}.Release|x64.Build.0 = Release|x64
		{92B52BD0-5D10-42F3-AAA6-CD680D71602A}.Release|x86.ActiveCfg = Release|Win32
		{92B52BD0-5D10-42F3-AAA6-CD680D71602A}.Release|x86.Build.0 = Release|Win32
		{9896A57A-D151-40E5-9D09-5F75AFA0A87C}.Debug|x64.ActiveCfg = Debug|x64
		{9896A57A-D151-40E5-9D09-5F75AFA0A87C}.Debug|x64.Build.0 = Debug|x64
		{9896A57A-D151-40E5-9D09-5F75AFA0A87C}.Debug|x86.ActiveCfg = Debug|Win32
		{9896A57A-D151-40E5-9D09-5F75AFA0A87C}.Debug|x86.Build.0 = Debug|Win32
		{9896A57A-D151-40E5-9D09-5F75AFA0A87C}.Release|x64.ActiveCfg = Release|x64
		{9896A57A-D151-40E5-9D09-5F75AFA0A87C}.Release|x64.Build.0 = Release|x64
		{9896A57A-D151-40E5-9D09-5F75AFA0A87C}.Release|x86.ActiveCfg = Release|Win32
		{9896A57A-D151-40E5-9D09-5F75AFA0A87C}.Release|x86.Build.0 = Release|Win32
	EndGlobalSection
	GlobalSection(SolutionProperties) = preSolution
		HideSolutionNode = FALSE
	EndGlobalSection
EndGlobal
