
Microsoft Visual Studio Solution File, Format Version 12.00
# Visual Studio 14
VisualStudioVersion = 14.0.23107.0
MinimumVisualStudioVersion = 10.0.40219.1
Project("{8BC9CEB8-8B4A-11D0-8D11-00A0C91BC942}") = "TestMap", "TestMap\TestMap.vcxproj", "{A5B449CF-EDDE-4F2C-8BEF-B3716F824A7D}"
EndProject
Project("{8BC9CEB8-8B4A-11D0-8D11-00A0C91BC942}") = "TestHash", "TestHash\TestHash.vcxproj", "{DA9A80DB-C3EA-4851-BC6D-764C8C8CAD63}"
EndProject
Global
	GlobalSection(SolutionConfigurationPlatforms) = preSolution
		Debug|x64 = Debug|x64
		Debug|x86 = Debug|x86
		Release|x64 = Release|x64
		Release|x86 = Release|x86
	EndGlobalSection
	GlobalSection(ProjectConfigurationPlatforms) = postSolution
		{A5B449CF-EDDE-4F2C-8BEF-B3716F824A7D}.Debug|x64.ActiveCfg = Debug|x64
		{A5B449CF-EDDE-4F2C-8BEF-B3716F824A7D}.Debug|x64.Build.0 = Debug|x64
		{A5B449CF-EDDE-4F2C-8BEF-B3716F824A7D}.Debug|x86.ActiveCfg = Debug|Win32
		{A5B449CF-EDDE-4F2C-8BEF-B3716F824A7D}.Debug|x86.Build.0 = Debug|Win32
		{A5B449CF-EDDE-4F2C-8BEF-B3716F824A7D}.Release|x64.ActiveCfg = Release|x64
		{A5B449CF-EDDE-4F2C-8BEF-B3716F824A7D}.Release|x64.Build.0 = Release|x64
		{A5B449CF-EDDE-4F2C-8BEF-B3716F824A7D}.Release|x86.ActiveCfg = Release|Win32
		{A5B449CF-EDDE-4F2C-8BEF-B3716F824A7D}.Release|x86.Build.0 = Release|Win32
		{DA9A80DB-C3EA-4851-BC6D-764C8C8CAD63}.Debug|x64.ActiveCfg = Debug|x64
		{DA9A80DB-C3EA-4851-BC6D-764C8C8CAD63}.Debug|x64.Build.0 = Debug|x64
		{DA9A80DB-C3EA-4851-BC6D-764C8C8CAD63}.Debug|x86.ActiveCfg = Debug|Win32
		{DA9A80DB-C3EA-4851-BC6D-764C8C8CAD63}.Debug|x86.Build.0 = Debug|Win32
		{DA9A80DB-C3EA-4851-BC6D-764C8C8CAD63}.Release|x64.ActiveCfg = Release|x64
		{DA9A80DB-C3EA-4851-BC6D-764C8C8CAD63}.Release|x64.Build.0 = Release|x64
		{DA9A80DB-C3EA-4851-BC6D-764C8C8CAD63}.Release|x86.ActiveCfg = Release|Win32
		{DA9A80DB-C3EA-4851-BC6D-764C8C8CAD63}.Release|x86.Build.0 = Release|Win32
	EndGlobalSection
	GlobalSection(SolutionProperties) = preSolution
		HideSolutionNode = FALSE
	EndGlobalSection
EndGlobal
