
Microsoft Visual Studio Solution File, Format Version 12.00
# Visual Studio 15
VisualStudioVersion = 15.0.27703.2047
MinimumVisualStudioVersion = 10.0.40219.1
Project("{2150E333-8FDC-42A3-9474-1A3956D46DE8}") = "笔记用例", "笔记用例", "{A47C9CA5-0A42-40F8-A4E2-8C0955664439}"
EndProject
Project("{2150E333-8FDC-42A3-9474-1A3956D46DE8}") = "作业", "作业", "{7D962C7C-78C2-4E55-BB35-86E8699DAA28}"
EndProject
Project("{8BC9CEB8-8B4A-11D0-8D11-00A0C91BC942}") = "Project1", "Project1\Project1.vcxproj", "{E2009598-2A55-43B9-840C-ECE68C08FEEF}"
EndProject
Project("{8BC9CEB8-8B4A-11D0-8D11-00A0C91BC942}") = "NOTE1", "NOTE1\NOTE1.vcxproj", "{B10ECEFB-532C-4F7E-8121-53D5043A8AC4}"
EndProject
Project("{8BC9CEB8-8B4A-11D0-8D11-00A0C91BC942}") = "note2", "note2\note2.vcxproj", "{C4CA83F1-66BA-4B6D-8D1F-0531B0E22E35}"
EndProject
Project("{8BC9CEB8-8B4A-11D0-8D11-00A0C91BC942}") = "note3", "note3\note3.vcxproj", "{5D4EEBBE-3E0A-417D-839D-BB0961A2C83A}"
EndProject
Project("{8BC9CEB8-8B4A-11D0-8D11-00A0C91BC942}") = "Project2", "Project2\Project2.vcxproj", "{52F914A0-0094-407A-AB29-99D5F80A0423}"
EndProject
Project("{8BC9CEB8-8B4A-11D0-8D11-00A0C91BC942}") = "Project3", "Project3\Project3.vcxproj", "{67A632DA-723A-4757-A99D-647DA0A30BF7}"
EndProject
Project("{8BC9CEB8-8B4A-11D0-8D11-00A0C91BC942}") = "Project4", "Project4\Project4.vcxproj", "{814AB85D-0F26-4B3C-B610-2FD0AFD801F9}"
EndProject
Project("{8BC9CEB8-8B4A-11D0-8D11-00A0C91BC942}") = "Project5", "Project5\Project5.vcxproj", "{41E14DB4-5F64-42E5-BB79-48D014495150}"
EndProject
Project("{8BC9CEB8-8B4A-11D0-8D11-00A0C91BC942}") = "Project6", "Project6\Project6.vcxproj", "{4239CE08-C581-411F-A13B-368D021E72E5}"
EndProject
Project("{8BC9CEB8-8B4A-11D0-8D11-00A0C91BC942}") = "Project7", "Project7\Project7.vcxproj", "{36387AAC-125E-466C-9B6E-474DAD9DB548}"
EndProject
Project("{8BC9CEB8-8B4A-11D0-8D11-00A0C91BC942}") = "Project8", "Project8\Project8.vcxproj", "{94BD6E8C-DDE5-4E7A-9E96-14C025241CFB}"
EndProject
Global
	GlobalSection(SolutionConfigurationPlatforms) = preSolution
		Debug|x64 = Debug|x64
		Debug|x86 = Debug|x86
		Release|x64 = Release|x64
		Release|x86 = Release|x86
	EndGlobalSection
	GlobalSection(ProjectConfigurationPlatforms) = postSolution
		{E2009598-2A55-43B9-840C-ECE68C08FEEF}.Debug|x64.ActiveCfg = Debug|x64
		{E2009598-2A55-43B9-840C-ECE68C08FEEF}.Debug|x64.Build.0 = Debug|x64
		{E2009598-2A55-43B9-840C-ECE68C08FEEF}.Debug|x86.ActiveCfg = Debug|Win32
		{E2009598-2A55-43B9-840C-ECE68C08FEEF}.Debug|x86.Build.0 = Debug|Win32
		{E2009598-2A55-43B9-840C-ECE68C08FEEF}.Release|x64.ActiveCfg = Release|x64
		{E2009598-2A55-43B9-840C-ECE68C08FEEF}.Release|x64.Build.0 = Release|x64
		{E2009598-2A55-43B9-840C-ECE68C08FEEF}.Release|x86.ActiveCfg = Release|Win32
		{E2009598-2A55-43B9-840C-ECE68C08FEEF}.Release|x86.Build.0 = Release|Win32
		{B10ECEFB-532C-4F7E-8121-53D5043A8AC4}.Debug|x64.ActiveCfg = Debug|x64
		{B10ECEFB-532C-4F7E-8121-53D5043A8AC4}.Debug|x64.Build.0 = Debug|x64
		{B10ECEFB-532C-4F7E-8121-53D5043A8AC4}.Debug|x86.ActiveCfg = Debug|Win32
		{B10ECEFB-532C-4F7E-8121-53D5043A8AC4}.Debug|x86.Build.0 = Debug|Win32
		{B10ECEFB-532C-4F7E-8121-53D5043A8AC4}.Release|x64.ActiveCfg = Release|x64
		{B10ECEFB-532C-4F7E-8121-53D5043A8AC4}.Release|x64.Build.0 = Release|x64
		{B10ECEFB-532C-4F7E-8121-53D5043A8AC4}.Release|x86.ActiveCfg = Release|Win32
		{B10ECEFB-532C-4F7E-8121-53D5043A8AC4}.Release|x86.Build.0 = Release|Win32
		{C4CA83F1-66BA-4B6D-8D1F-0531B0E22E35}.Debug|x64.ActiveCfg = Debug|x64
		{C4CA83F1-66BA-4B6D-8D1F-0531B0E22E35}.Debug|x64.Build.0 = Debug|x64
		{C4CA83F1-66BA-4B6D-8D1F-0531B0E22E35}.Debug|x86.ActiveCfg = Debug|Win32
		{C4CA83F1-66BA-4B6D-8D1F-0531B0E22E35}.Debug|x86.Build.0 = Debug|Win32
		{C4CA83F1-66BA-4B6D-8D1F-0531B0E22E35}.Release|x64.ActiveCfg = Release|x64
		{C4CA83F1-66BA-4B6D-8D1F-0531B0E22E35}.Release|x64.Build.0 = Release|x64
		{C4CA83F1-66BA-4B6D-8D1F-0531B0E22E35}.Release|x86.ActiveCfg = Release|Win32
		{C4CA83F1-66BA-4B6D-8D1F-0531B0E22E35}.Release|x86.Build.0 = Release|Win32
		{5D4EEBBE-3E0A-417D-839D-BB0961A2C83A}.Debug|x64.ActiveCfg = Debug|x64
		{5D4EEBBE-3E0A-417D-839D-BB0961A2C83A}.Debug|x64.Build.0 = Debug|x64
		{5D4EEBBE-3E0A-417D-839D-BB0961A2C83A}.Debug|x86.ActiveCfg = Debug|Win32
		{5D4EEBBE-3E0A-417D-839D-BB0961A2C83A}.Debug|x86.Build.0 = Debug|Win32
		{5D4EEBBE-3E0A-417D-839D-BB0961A2C83A}.Release|x64.ActiveCfg = Release|x64
		{5D4EEBBE-3E0A-417D-839D-BB0961A2C83A}.Release|x64.Build.0 = Release|x64
		{5D4EEBBE-3E0A-417D-839D-BB0961A2C83A}.Release|x86.ActiveCfg = Release|Win32
		{5D4EEBBE-3E0A-417D-839D-BB0961A2C83A}.Release|x86.Build.0 = Release|Win32
		{52F914A0-0094-407A-AB29-99D5F80A0423}.Debug|x64.ActiveCfg = Debug|x64
		{52F914A0-0094-407A-AB29-99D5F80A0423}.Debug|x64.Build.0 = Debug|x64
		{52F914A0-0094-407A-AB29-99D5F80A0423}.Debug|x86.ActiveCfg = Debug|Win32
		{52F914A0-0094-407A-AB29-99D5F80A0423}.Debug|x86.Build.0 = Debug|Win32
		{52F914A0-0094-407A-AB29-99D5F80A0423}.Release|x64.ActiveCfg = Release|x64
		{52F914A0-0094-407A-AB29-99D5F80A0423}.Release|x64.Build.0 = Release|x64
		{52F914A0-0094-407A-AB29-99D5F80A0423}.Release|x86.ActiveCfg = Release|Win32
		{52F914A0-0094-407A-AB29-99D5F80A0423}.Release|x86.Build.0 = Release|Win32
		{67A632DA-723A-4757-A99D-647DA0A30BF7}.Debug|x64.ActiveCfg = Debug|x64
		{67A632DA-723A-4757-A99D-647DA0A30BF7}.Debug|x64.Build.0 = Debug|x64
		{67A632DA-723A-4757-A99D-647DA0A30BF7}.Debug|x86.ActiveCfg = Debug|Win32
		{67A632DA-723A-4757-A99D-647DA0A30BF7}.Debug|x86.Build.0 = Debug|Win32
		{67A632DA-723A-4757-A99D-647DA0A30BF7}.Release|x64.ActiveCfg = Release|x64
		{67A632DA-723A-4757-A99D-647DA0A30BF7}.Release|x64.Build.0 = Release|x64
		{67A632DA-723A-4757-A99D-647DA0A30BF7}.Release|x86.ActiveCfg = Release|Win32
		{67A632DA-723A-4757-A99D-647DA0A30BF7}.Release|x86.Build.0 = Release|Win32
		{814AB85D-0F26-4B3C-B610-2FD0AFD801F9}.Debug|x64.ActiveCfg = Debug|x64
		{814AB85D-0F26-4B3C-B610-2FD0AFD801F9}.Debug|x64.Build.0 = Debug|x64
		{814AB85D-0F26-4B3C-B610-2FD0AFD801F9}.Debug|x86.ActiveCfg = Debug|Win32
		{814AB85D-0F26-4B3C-B610-2FD0AFD801F9}.Debug|x86.Build.0 = Debug|Win32
		{814AB85D-0F26-4B3C-B610-2FD0AFD801F9}.Release|x64.ActiveCfg = Release|x64
		{814AB85D-0F26-4B3C-B610-2FD0AFD801F9}.Release|x64.Build.0 = Release|x64
		{814AB85D-0F26-4B3C-B610-2FD0AFD801F9}.Release|x86.ActiveCfg = Release|Win32
		{814AB85D-0F26-4B3C-B610-2FD0AFD801F9}.Release|x86.Build.0 = Release|Win32
		{41E14DB4-5F64-42E5-BB79-48D014495150}.Debug|x64.ActiveCfg = Debug|x64
		{41E14DB4-5F64-42E5-BB79-48D014495150}.Debug|x64.Build.0 = Debug|x64
		{41E14DB4-5F64-42E5-BB79-48D014495150}.Debug|x86.ActiveCfg = Debug|Win32
		{41E14DB4-5F64-42E5-BB79-48D014495150}.Debug|x86.Build.0 = Debug|Win32
		{41E14DB4-5F64-42E5-BB79-48D014495150}.Release|x64.ActiveCfg = Release|x64
		{41E14DB4-5F64-42E5-BB79-48D014495150}.Release|x64.Build.0 = Release|x64
		{41E14DB4-5F64-42E5-BB79-48D014495150}.Release|x86.ActiveCfg = Release|Win32
		{41E14DB4-5F64-42E5-BB79-48D014495150}.Release|x86.Build.0 = Release|Win32
		{4239CE08-C581-411F-A13B-368D021E72E5}.Debug|x64.ActiveCfg = Debug|x64
		{4239CE08-C581-411F-A13B-368D021E72E5}.Debug|x64.Build.0 = Debug|x64
		{4239CE08-C581-411F-A13B-368D021E72E5}.Debug|x86.ActiveCfg = Debug|Win32
		{4239CE08-C581-411F-A13B-368D021E72E5}.Debug|x86.Build.0 = Debug|Win32
		{4239CE08-C581-411F-A13B-368D021E72E5}.Release|x64.ActiveCfg = Release|x64
		{4239CE08-C581-411F-A13B-368D021E72E5}.Release|x64.Build.0 = Release|x64
		{4239CE08-C581-411F-A13B-368D021E72E5}.Release|x86.ActiveCfg = Release|Win32
		{4239CE08-C581-411F-A13B-368D021E72E5}.Release|x86.Build.0 = Release|Win32
		{36387AAC-125E-466C-9B6E-474DAD9DB548}.Debug|x64.ActiveCfg = Debug|x64
		{36387AAC-125E-466C-9B6E-474DAD9DB548}.Debug|x64.Build.0 = Debug|x64
		{36387AAC-125E-466C-9B6E-474DAD9DB548}.Debug|x86.ActiveCfg = Debug|Win32
		{36387AAC-125E-466C-9B6E-474DAD9DB548}.Debug|x86.Build.0 = Debug|Win32
		{36387AAC-125E-466C-9B6E-474DAD9DB548}.Release|x64.ActiveCfg = Release|x64
		{36387AAC-125E-466C-9B6E-474DAD9DB548}.Release|x64.Build.0 = Release|x64
		{36387AAC-125E-466C-9B6E-474DAD9DB548}.Release|x86.ActiveCfg = Release|Win32
		{36387AAC-125E-466C-9B6E-474DAD9DB548}.Release|x86.Build.0 = Release|Win32
		{94BD6E8C-DDE5-4E7A-9E96-14C025241CFB}.Debug|x64.ActiveCfg = Debug|x64
		{94BD6E8C-DDE5-4E7A-9E96-14C025241CFB}.Debug|x64.Build.0 = Debug|x64
		{94BD6E8C-DDE5-4E7A-9E96-14C025241CFB}.Debug|x86.ActiveCfg = Debug|Win32
		{94BD6E8C-DDE5-4E7A-9E96-14C025241CFB}.Debug|x86.Build.0 = Debug|Win32
		{94BD6E8C-DDE5-4E7A-9E96-14C025241CFB}.Release|x64.ActiveCfg = Release|x64
		{94BD6E8C-DDE5-4E7A-9E96-14C025241CFB}.Release|x64.Build.0 = Release|x64
		{94BD6E8C-DDE5-4E7A-9E96-14C025241CFB}.Release|x86.ActiveCfg = Release|Win32
		{94BD6E8C-DDE5-4E7A-9E96-14C025241CFB}.Release|x86.Build.0 = Release|Win32
	EndGlobalSection
	GlobalSection(SolutionProperties) = preSolution
		HideSolutionNode = FALSE
	EndGlobalSection
	GlobalSection(NestedProjects) = preSolution
		{E2009598-2A55-43B9-840C-ECE68C08FEEF} = {7D962C7C-78C2-4E55-BB35-86E8699DAA28}
		{B10ECEFB-532C-4F7E-8121-53D5043A8AC4} = {A47C9CA5-0A42-40F8-A4E2-8C0955664439}
		{C4CA83F1-66BA-4B6D-8D1F-0531B0E22E35} = {A47C9CA5-0A42-40F8-A4E2-8C0955664439}
		{5D4EEBBE-3E0A-417D-839D-BB0961A2C83A} = {A47C9CA5-0A42-40F8-A4E2-8C0955664439}
		{52F914A0-0094-407A-AB29-99D5F80A0423} = {7D962C7C-78C2-4E55-BB35-86E8699DAA28}
		{67A632DA-723A-4757-A99D-647DA0A30BF7} = {7D962C7C-78C2-4E55-BB35-86E8699DAA28}
		{814AB85D-0F26-4B3C-B610-2FD0AFD801F9} = {7D962C7C-78C2-4E55-BB35-86E8699DAA28}
		{41E14DB4-5F64-42E5-BB79-48D014495150} = {7D962C7C-78C2-4E55-BB35-86E8699DAA28}
		{4239CE08-C581-411F-A13B-368D021E72E5} = {7D962C7C-78C2-4E55-BB35-86E8699DAA28}
		{36387AAC-125E-466C-9B6E-474DAD9DB548} = {7D962C7C-78C2-4E55-BB35-86E8699DAA28}
		{94BD6E8C-DDE5-4E7A-9E96-14C025241CFB} = {7D962C7C-78C2-4E55-BB35-86E8699DAA28}
	EndGlobalSection
	GlobalSection(ExtensibilityGlobals) = postSolution
		SolutionGuid = {56B02A25-8919-493A-8819-107A126B5B9B}
	EndGlobalSection
EndGlobal
