
Microsoft Visual Studio Solution File, Format Version 12.00
# Visual Studio 14
VisualStudioVersion = 14.0.23107.0
MinimumVisualStudioVersion = 10.0.40219.1
Project("{8BC9CEB8-8B4A-11D0-8D11-00A0C91BC942}") = "homework", "homework\homework.vcxproj", "{6CFD9737-1603-423F-BFC3-D9E324D3B36B}"
EndProject
Project("{8BC9CEB8-8B4A-11D0-8D11-00A0C91BC942}") = "Copy", "Copy\Copy.vcxproj", "{E69B5158-5FBA-420B-8327-4EBCB85BC75E}"
EndProject
Project("{8BC9CEB8-8B4A-11D0-8D11-00A0C91BC942}") = "TestArg", "TestArg\TestArg.vcxproj", "{443C5690-E4B3-4D4D-8592-B5DB4F6A6747}"
EndProject
Global
	GlobalSection(SolutionConfigurationPlatforms) = preSolution
		Debug|x64 = Debug|x64
		Debug|x86 = Debug|x86
		Release|x64 = Release|x64
		Release|x86 = Release|x86
	EndGlobalSection
	GlobalSection(ProjectConfigurationPlatforms) = postSolution
		{6CFD9737-1603-423F-BFC3-D9E324D3B36B}.Debug|x64.ActiveCfg = Debug|x64
		{6CFD9737-1603-423F-BFC3-D9E324D3B36B}.Debug|x64.Build.0 = Debug|x64
		{6CFD9737-1603-423F-BFC3-D9E324D3B36B}.Debug|x86.ActiveCfg = Debug|Win32
		{6CFD9737-1603-423F-BFC3-D9E324D3B36B}.Debug|x86.Build.0 = Debug|Win32
		{6CFD9737-1603-423F-BFC3-D9E324D3B36B}.Release|x64.ActiveCfg = Release|x64
		{6CFD9737-1603-423F-BFC3-D9E324D3B36B}.Release|x64.Build.0 = Release|x64
		{6CFD9737-1603-423F-BFC3-D9E324D3B36B}.Release|x86.ActiveCfg = Release|Win32
		{6CFD9737-1603-423F-BFC3-D9E324D3B36B}.Release|x86.Build.0 = Release|Win32
		{E69B5158-5FBA-420B-8327-4EBCB85BC75E}.Debug|x64.ActiveCfg = Debug|x64
		{E69B5158-5FBA-420B-8327-4EBCB85BC75E}.Debug|x64.Build.0 = Debug|x64
		{E69B5158-5FBA-420B-8327-4EBCB85BC75E}.Debug|x86.ActiveCfg = Debug|Win32
		{E69B5158-5FBA-420B-8327-4EBCB85BC75E}.Debug|x86.Build.0 = Debug|Win32
		{E69B5158-5FBA-420B-8327-4EBCB85BC75E}.Release|x64.ActiveCfg = Release|x64
		{E69B5158-5FBA-420B-8327-4EBCB85BC75E}.Release|x64.Build.0 = Release|x64
		{E69B5158-5FBA-420B-8327-4EBCB85BC75E}.Release|x86.ActiveCfg = Release|Win32
		{E69B5158-5FBA-420B-8327-4EBCB85BC75E}.Release|x86.Build.0 = Release|Win32
		{443C5690-E4B3-4D4D-8592-B5DB4F6A6747}.Debug|x64.ActiveCfg = Debug|x64
		{443C5690-E4B3-4D4D-8592-B5DB4F6A6747}.Debug|x64.Build.0 = Debug|x64
		{443C5690-E4B3-4D4D-8592-B5DB4F6A6747}.Debug|x86.ActiveCfg = Debug|Win32
		{443C5690-E4B3-4D4D-8592-B5DB4F6A6747}.Debug|x86.Build.0 = Debug|Win32
		{443C5690-E4B3-4D4D-8592-B5DB4F6A6747}.Release|x64.ActiveCfg = Release|x64
		{443C5690-E4B3-4D4D-8592-B5DB4F6A6747}.Release|x64.Build.0 = Release|x64
		{443C5690-E4B3-4D4D-8592-B5DB4F6A6747}.Release|x86.ActiveCfg = Release|Win32
		{443C5690-E4B3-4D4D-8592-B5DB4F6A6747}.Release|x86.Build.0 = Release|Win32
	EndGlobalSection
	GlobalSection(SolutionProperties) = preSolution
		HideSolutionNode = FALSE
	EndGlobalSection
EndGlobal
