<?xml version="1.0" encoding="utf-8"?>
<Project ToolsVersion="4.0" xmlns="http://schemas.microsoft.com/developer/msbuild/2003">
  <ItemGroup>
    <Filter Include="源文件">
      <UniqueIdentifier>{4FC737F1-C7A5-4376-A066-2A32D752A2FF}</UniqueIdentifier>
      <Extensions>cpp;c;cc;cxx;def;odl;idl;hpj;bat;asm;asmx</Extensions>
    </Filter>
    <Filter Include="头文件">
      <UniqueIdentifier>{93995380-89BD-4b04-88EB-625FBE52EBFB}</UniqueIdentifier>
      <Extensions>h;hh;hpp;hxx;hm;inl;inc;ipp;xsd</Extensions>
    </Filter>
    <Filter Include="资源文件">
      <UniqueIdentifier>{67DA6AB6-F800-4c08-8B7A-83BB121AAD01}</UniqueIdentifier>
      <Extensions>rc;ico;cur;bmp;dlg;rc2;rct;bin;rgs;gif;jpg;jpeg;jpe;resx;tiff;tif;png;wav;mfcribbon-ms</Extensions>
    </Filter>
    <Filter Include="TetrisBlock">
      <UniqueIdentifier>{0bb0ab10-e170-433f-9932-0d1595304a48}</UniqueIdentifier>
    </Filter>
    <Filter Include="TetrisConst">
      <UniqueIdentifier>{29e5f214-77b9-4cc8-abdb-9ece04072eb1}</UniqueIdentifier>
    </Filter>
    <Filter Include="TetrisGame">
      <UniqueIdentifier>{a0440f3b-419f-415e-81dc-291f9ad1d006}</UniqueIdentifier>
    </Filter>
    <Filter Include="CTetrisUI">
      <UniqueIdentifier>{99a95199-52f6-41af-ada2-0b5514eb336c}</UniqueIdentifier>
    </Filter>
  </ItemGroup>
  <ItemGroup>
    <ClInclude Include="CTetrisBlock.h">
      <Filter>TetrisBlock</Filter>
    </ClInclude>
    <ClInclude Include="CTetrisGame.h">
      <Filter>TetrisGame</Filter>
    </ClInclude>
    <ClInclude Include="TetrisConst.h">
      <Filter>TetrisConst</Filter>
    </ClInclude>
    <ClInclude Include="CTetrisUI.h">
      <Filter>CTetrisUI</Filter>
    </ClInclude>
  </ItemGroup>
  <ItemGroup>
    <ClCompile Include="CTetrisBlock.cpp">
      <Filter>TetrisBlock</Filter>
    </ClCompile>
    <ClCompile Include="main.cpp">
      <Filter>源文件</Filter>
    </ClCompile>
    <ClCompile Include="CTetrisGame.cpp">
      <Filter>TetrisGame</Filter>
    </ClCompile>
    <ClCompile Include="GameRun.cpp">
      <Filter>源文件</Filter>
    </ClCompile>
    <ClCompile Include="TetrisConst.cpp">
      <Filter>TetrisConst</Filter>
    </ClCompile>
    <ClCompile Include="CTetrisUI.cpp">
      <Filter>CTetrisUI</Filter>
    </ClCompile>
  </ItemGroup>
</Project>